
Microsoft Visual Studio Solution File, Format Version 12.00
# Visual Studio 15
VisualStudioVersion = 15.0.28307.489
MinimumVisualStudioVersion = 10.0.40219.1
Project("{FAE04EC0-301F-11D3-BF4B-00C04F79EFBC}") = "TestApplication", "TestApplication\TestApplication.csproj", "{6974E404-5FDB-4725-806D-42A7E998C081}"
EndProject
Project("{FAE04EC0-301F-11D3-BF4B-00C04F79EFBC}") = "System.Extended", "System.Extended\System.Extended.csproj", "{97987EF1-D935-45F2-9EEB-E280EB8993EB}"
EndProject
Project("{FAE04EC0-301F-11D3-BF4B-00C04F79EFBC}") = "Test.UnitTests.GuidExTests", "Test.UnitTests.GuidExTests\Test.UnitTests.GuidExTests.csproj", "{330E93AE-CF32-47B9-9D7E-F06FBB188759}"
EndProject
Project("{FAE04EC0-301F-11D3-BF4B-00C04F79EFBC}") = "GuidEx Nuget Package", "NuGet.Packager1\GuidEx Nuget Package.csproj", "{0451BAEF-DF2E-4B98-8644-94EE9415E389}"
EndProject
Project("{D954291E-2A0B-460D-934E-DC6B0785DB48}") = "System.Extended.Shared", "System.Extended.Shared\System.Extended.Shared.shproj", "{39259047-FED3-48D1-8D7A-7A08FB0DD1DC}"
EndProject
Project("{FAE04EC0-301F-11D3-BF4B-00C04F79EFBC}") = "System.Extended.Standard", "System.Extended.Standard\System.Extended.Standard.csproj", "{5E69D944-9234-483B-B47C-B01343B7F32C}"
EndProject
Global
	GlobalSection(SharedMSBuildProjectFiles) = preSolution
		System.Extended.Shared\System.Extended.Shared.projitems*{39259047-fed3-48d1-8d7a-7a08fb0dd1dc}*SharedItemsImports = 13
		System.Extended.Shared\System.Extended.Shared.projitems*{97987ef1-d935-45f2-9eeb-e280eb8993eb}*SharedItemsImports = 4
	EndGlobalSection
	GlobalSection(SolutionConfigurationPlatforms) = preSolution
		Debug|Any CPU = Debug|Any CPU
		Release|Any CPU = Release|Any CPU
	EndGlobalSection
	GlobalSection(ProjectConfigurationPlatforms) = postSolution
		{6974E404-5FDB-4725-806D-42A7E998C081}.Debug|Any CPU.ActiveCfg = Debug|Any CPU
		{6974E404-5FDB-4725-806D-42A7E998C081}.Debug|Any CPU.Build.0 = Debug|Any CPU
		{6974E404-5FDB-4725-806D-42A7E998C081}.Release|Any CPU.ActiveCfg = Release|Any CPU
		{6974E404-5FDB-4725-806D-42A7E998C081}.Release|Any CPU.Build.0 = Release|Any CPU
		{97987EF1-D935-45F2-9EEB-E280EB8993EB}.Debug|Any CPU.ActiveCfg = Debug|Any CPU
		{97987EF1-D935-45F2-9EEB-E280EB8993EB}.Debug|Any CPU.Build.0 = Debug|Any CPU
		{97987EF1-D935-45F2-9EEB-E280EB8993EB}.Release|Any CPU.ActiveCfg = Release|Any CPU
		{97987EF1-D935-45F2-9EEB-E280EB8993EB}.Release|Any CPU.Build.0 = Release|Any CPU
		{330E93AE-CF32-47B9-9D7E-F06FBB188759}.Debug|Any CPU.ActiveCfg = Debug|Any CPU
		{330E93AE-CF32-47B9-9D7E-F06FBB188759}.Debug|Any CPU.Build.0 = Debug|Any CPU
		{330E93AE-CF32-47B9-9D7E-F06FBB188759}.Release|Any CPU.ActiveCfg = Release|Any CPU
		{330E93AE-CF32-47B9-9D7E-F06FBB188759}.Release|Any CPU.Build.0 = Release|Any CPU
		{0451BAEF-DF2E-4B98-8644-94EE9415E389}.Debug|Any CPU.ActiveCfg = Debug|Any CPU
		{0451BAEF-DF2E-4B98-8644-94EE9415E389}.Debug|Any CPU.Build.0 = Debug|Any CPU
		{0451BAEF-DF2E-4B98-8644-94EE9415E389}.Release|Any CPU.ActiveCfg = Release|Any CPU
		{0451BAEF-DF2E-4B98-8644-94EE9415E389}.Release|Any CPU.Build.0 = Release|Any CPU
		{5E69D944-9234-483B-B47C-B01343B7F32C}.Debug|Any CPU.ActiveCfg = Debug|Any CPU
		{5E69D944-9234-483B-B47C-B01343B7F32C}.Debug|Any CPU.Build.0 = Debug|Any CPU
		{5E69D944-9234-483B-B47C-B01343B7F32C}.Release|Any CPU.ActiveCfg = Release|Any CPU
		{5E69D944-9234-483B-B47C-B01343B7F32C}.Release|Any CPU.Build.0 = Release|Any CPU
	EndGlobalSection
	GlobalSection(SolutionProperties) = preSolution
		HideSolutionNode = FALSE
	EndGlobalSection
	GlobalSection(ExtensibilityGlobals) = postSolution
		SolutionGuid = {2EDD4B12-CBC6-4A00-A077-822B48F830E8}
	EndGlobalSection
EndGlobal
